
Microsoft Visual Studio Solution File, Format Version 12.00
# Visual Studio 15
Project("{FAE04EC0-301F-11D3-BF4B-00C04F79EFBC}") = "Assembly-CSharp", "Assembly-CSharp.csproj", "{ADA2195F-0624-3885-DB91-9B6E63265BC3}"
EndProject
Global
	GlobalSection(SolutionConfigurationPlatforms) = preSolution
		Debug|Any CPU = Debug|Any CPU
		Release|Any CPU = Release|Any CPU
	EndGlobalSection
	GlobalSection(ProjectConfigurationPlatforms) = postSolution
		{ADA2195F-0624-3885-DB91-9B6E63265BC3}.Debug|Any CPU.ActiveCfg = Debug|Any CPU
		{ADA2195F-0624-3885-DB91-9B6E63265BC3}.Debug|Any CPU.Build.0 = Debug|Any CPU
		{ADA2195F-0624-3885-DB91-9B6E63265BC3}.Release|Any CPU.ActiveCfg = Release|Any CPU
		{ADA2195F-0624-3885-DB91-9B6E63265BC3}.Release|Any CPU.Build.0 = Release|Any CPU
	EndGlobalSection
	GlobalSection(SolutionProperties) = preSolution
		HideSolutionNode = FALSE
	EndGlobalSection
EndGlobal
